
Microsoft Visual Studio Solution File, Format Version 12.00
# Visual Studio Version 16
VisualStudioVersion = 16.0.33027.164
MinimumVisualStudioVersion = 10.0.40219.1
Project("{FAE04EC0-301F-11D3-BF4B-00C04F79EFBC}") = "Poo001", "Poo001\Poo001.csproj", "{D0B6AC49-EB7C-4744-920C-78E6EB4A4245}"
EndProject
Global
	GlobalSection(SolutionConfigurationPlatforms) = preSolution
		Debug|Any CPU = Debug|Any CPU
		Release|Any CPU = Release|Any CPU
	EndGlobalSection
	GlobalSection(ProjectConfigurationPlatforms) = postSolution
		{D0B6AC49-EB7C-4744-920C-78E6EB4A4245}.Debug|Any CPU.ActiveCfg = Debug|Any CPU
		{D0B6AC49-EB7C-4744-920C-78E6EB4A4245}.Debug|Any CPU.Build.0 = Debug|Any CPU
		{D0B6AC49-EB7C-4744-920C-78E6EB4A4245}.Release|Any CPU.ActiveCfg = Release|Any CPU
		{D0B6AC49-EB7C-4744-920C-78E6EB4A4245}.Release|Any CPU.Build.0 = Release|Any CPU
	EndGlobalSection
	GlobalSection(SolutionProperties) = preSolution
		HideSolutionNode = FALSE
	EndGlobalSection
	GlobalSection(ExtensibilityGlobals) = postSolution
		SolutionGuid = {7A125081-73DA-4AC7-9135-C5069283AD9D}
	EndGlobalSection
EndGlobal
