
Microsoft Visual Studio Solution File, Format Version 12.00
# Visual Studio Version 17
VisualStudioVersion = 17.9.34723.18
MinimumVisualStudioVersion = 10.0.40219.1
Project("{FAE04EC0-301F-11D3-BF4B-00C04F79EFBC}") = "Poo015", "Poo015\Poo015.csproj", "{63FAFC45-35EB-4CA8-B629-2D6D7ADC12B2}"
EndProject
Global
	GlobalSection(SolutionConfigurationPlatforms) = preSolution
		Debug|Any CPU = Debug|Any CPU
		Release|Any CPU = Release|Any CPU
	EndGlobalSection
	GlobalSection(ProjectConfigurationPlatforms) = postSolution
		{63FAFC45-35EB-4CA8-B629-2D6D7ADC12B2}.Debug|Any CPU.ActiveCfg = Debug|Any CPU
		{63FAFC45-35EB-4CA8-B629-2D6D7ADC12B2}.Debug|Any CPU.Build.0 = Debug|Any CPU
		{63FAFC45-35EB-4CA8-B629-2D6D7ADC12B2}.Release|Any CPU.ActiveCfg = Release|Any CPU
		{63FAFC45-35EB-4CA8-B629-2D6D7ADC12B2}.Release|Any CPU.Build.0 = Release|Any CPU
	EndGlobalSection
	GlobalSection(SolutionProperties) = preSolution
		HideSolutionNode = FALSE
	EndGlobalSection
	GlobalSection(ExtensibilityGlobals) = postSolution
		SolutionGuid = {F8E22C94-33C3-4AB7-BD18-A33AB7C57ACA}
	EndGlobalSection
EndGlobal
