
Microsoft Visual Studio Solution File, Format Version 12.00
# Visual Studio Version 17
VisualStudioVersion = 17.9.34723.18
MinimumVisualStudioVersion = 10.0.40219.1
Project("{FAE04EC0-301F-11D3-BF4B-00C04F79EFBC}") = "Poo008", "Poo008\Poo008.csproj", "{2A628BAD-FC0D-4A5D-8C2E-C76EA825702B}"
EndProject
Global
	GlobalSection(SolutionConfigurationPlatforms) = preSolution
		Debug|Any CPU = Debug|Any CPU
		Release|Any CPU = Release|Any CPU
	EndGlobalSection
	GlobalSection(ProjectConfigurationPlatforms) = postSolution
		{2A628BAD-FC0D-4A5D-8C2E-C76EA825702B}.Debug|Any CPU.ActiveCfg = Debug|Any CPU
		{2A628BAD-FC0D-4A5D-8C2E-C76EA825702B}.Debug|Any CPU.Build.0 = Debug|Any CPU
		{2A628BAD-FC0D-4A5D-8C2E-C76EA825702B}.Release|Any CPU.ActiveCfg = Release|Any CPU
		{2A628BAD-FC0D-4A5D-8C2E-C76EA825702B}.Release|Any CPU.Build.0 = Release|Any CPU
	EndGlobalSection
	GlobalSection(SolutionProperties) = preSolution
		HideSolutionNode = FALSE
	EndGlobalSection
	GlobalSection(ExtensibilityGlobals) = postSolution
		SolutionGuid = {2199F8DD-A8C7-47C3-BDB6-BBB794AA6A30}
	EndGlobalSection
EndGlobal
